
Microsoft Visual Studio Solution File, Format Version 12.00
# Visual Studio 15
VisualStudioVersion = 15.0.28307.572
MinimumVisualStudioVersion = 10.0.40219.1
Project("{2150E333-8FDC-42A3-9474-1A3956D46DE8}") = "src", "src", "{53355B02-040E-4DC2-A23F-012DC3F81698}"
EndProject
Project("{2150E333-8FDC-42A3-9474-1A3956D46DE8}") = "test", "test", "{A3B7BB6D-1526-4DD8-8F79-F6DAD3B979D1}"
EndProject
Project("{FAE04EC0-301F-11D3-BF4B-00C04F79EFBC}") = "CursoOnline.Dominio", "src\CursoOnline.Dominio\CursoOnline.Dominio.csproj", "{D3559757-D114-4E00-B8AE-A49794EA2E58}"
EndProject
Project("{FAE04EC0-301F-11D3-BF4B-00C04F79EFBC}") = "CursoOnline.DominioTest", "test\CursoOnline.DominioTest\CursoOnline.DominioTest.csproj", "{D299C9FB-E99E-4FBB-93A2-5B522F5B52F5}"
EndProject
Global
	GlobalSection(SolutionConfigurationPlatforms) = preSolution
		Debug|Any CPU = Debug|Any CPU
		Release|Any CPU = Release|Any CPU
	EndGlobalSection
	GlobalSection(ProjectConfigurationPlatforms) = postSolution
		{D3559757-D114-4E00-B8AE-A49794EA2E58}.Debug|Any CPU.ActiveCfg = Debug|Any CPU
		{D3559757-D114-4E00-B8AE-A49794EA2E58}.Debug|Any CPU.Build.0 = Debug|Any CPU
		{D3559757-D114-4E00-B8AE-A49794EA2E58}.Release|Any CPU.ActiveCfg = Release|Any CPU
		{D3559757-D114-4E00-B8AE-A49794EA2E58}.Release|Any CPU.Build.0 = Release|Any CPU
		{D299C9FB-E99E-4FBB-93A2-5B522F5B52F5}.Debug|Any CPU.ActiveCfg = Debug|Any CPU
		{D299C9FB-E99E-4FBB-93A2-5B522F5B52F5}.Debug|Any CPU.Build.0 = Debug|Any CPU
		{D299C9FB-E99E-4FBB-93A2-5B522F5B52F5}.Release|Any CPU.ActiveCfg = Release|Any CPU
		{D299C9FB-E99E-4FBB-93A2-5B522F5B52F5}.Release|Any CPU.Build.0 = Release|Any CPU
	EndGlobalSection
	GlobalSection(SolutionProperties) = preSolution
		HideSolutionNode = FALSE
	EndGlobalSection
	GlobalSection(NestedProjects) = preSolution
		{D3559757-D114-4E00-B8AE-A49794EA2E58} = {53355B02-040E-4DC2-A23F-012DC3F81698}
		{D299C9FB-E99E-4FBB-93A2-5B522F5B52F5} = {A3B7BB6D-1526-4DD8-8F79-F6DAD3B979D1}
	EndGlobalSection
	GlobalSection(ExtensibilityGlobals) = postSolution
		SolutionGuid = {44000CDF-AFD4-4B97-AD56-B6C145969ED3}
	EndGlobalSection
EndGlobal
